
Microsoft Visual Studio Solution File, Format Version 12.00
# Visual Studio Version 16
VisualStudioVersion = 16.0.34114.132
MinimumVisualStudioVersion = 10.0.40219.1
Project("{FAE04EC0-301F-11D3-BF4B-00C04F79EFBC}") = "Inventory", "POSales\Inventory.csproj", "{1DA6808C-C7F2-4385-B27E-2AC267B2FA56}"
EndProject
Global
	GlobalSection(SolutionConfigurationPlatforms) = preSolution
		Debug|Any CPU = Debug|Any CPU
		Release|Any CPU = Release|Any CPU
	EndGlobalSection
	GlobalSection(ProjectConfigurationPlatforms) = postSolution
		{1DA6808C-C7F2-4385-B27E-2AC267B2FA56}.Debug|Any CPU.ActiveCfg = Debug|Any CPU
		{1DA6808C-C7F2-4385-B27E-2AC267B2FA56}.Debug|Any CPU.Build.0 = Debug|Any CPU
		{1DA6808C-C7F2-4385-B27E-2AC267B2FA56}.Release|Any CPU.ActiveCfg = Release|Any CPU
		{1DA6808C-C7F2-4385-B27E-2AC267B2FA56}.Release|Any CPU.Build.0 = Release|Any CPU
	EndGlobalSection
	GlobalSection(SolutionProperties) = preSolution
		HideSolutionNode = FALSE
	EndGlobalSection
	GlobalSection(ExtensibilityGlobals) = postSolution
		SolutionGuid = {B55D0D32-B6BF-4115-BD9A-B194551F8DFD}
	EndGlobalSection
EndGlobal
